
Microsoft Visual Studio Solution File, Format Version 12.00
# Visual Studio Version 17
VisualStudioVersion = 17.0.31717.71
MinimumVisualStudioVersion = 10.0.40219.1
Project("{9A19103F-16F7-4668-BE54-9A1E7A4F7556}") = "X39.Systems.ServiceOrchestrator.Designer", "X39.Systems.ServiceOrchestrator.Designer.csproj", "{0FD0DDB0-84E6-4797-BBAB-81B9B4F40DA0}"
EndProject
Global
	GlobalSection(SolutionConfigurationPlatforms) = preSolution
		Debug|Any CPU = Debug|Any CPU
		Release|Any CPU = Release|Any CPU
	EndGlobalSection
	GlobalSection(ProjectConfigurationPlatforms) = postSolution
		{0FD0DDB0-84E6-4797-BBAB-81B9B4F40DA0}.Debug|Any CPU.ActiveCfg = Debug|Any CPU
		{0FD0DDB0-84E6-4797-BBAB-81B9B4F40DA0}.Debug|Any CPU.Build.0 = Debug|Any CPU
		{0FD0DDB0-84E6-4797-BBAB-81B9B4F40DA0}.Release|Any CPU.ActiveCfg = Release|Any CPU
		{0FD0DDB0-84E6-4797-BBAB-81B9B4F40DA0}.Release|Any CPU.Build.0 = Release|Any CPU
	EndGlobalSection
	GlobalSection(SolutionProperties) = preSolution
		HideSolutionNode = FALSE
	EndGlobalSection
	GlobalSection(ExtensibilityGlobals) = postSolution
		SolutionGuid = {FFDBFB22-E98C-42FA-B91D-4371731FAB85}
	EndGlobalSection
EndGlobal